
Microsoft Visual Studio Solution File, Format Version 12.00
# Visual Studio Version 17
VisualStudioVersion = 17.14.36518.9
MinimumVisualStudioVersion = 10.0.40219.1
Project("{2150E333-8FDC-42A3-9474-1A3956D46DE8}") = "src", "src", "{02EA681E-C7D8-13C7-8484-4AC65E1B71E8}"
EndProject
Project("{FAE04EC0-301F-11D3-BF4B-00C04F79EFBC}") = "UI.Blazor", "UI.Blazor\UI.Blazor\UI.Blazor.csproj", "{0D6E3E13-AFB1-4A8F-A3F8-E6CFB2E01F56}"
EndProject
Project("{FAE04EC0-301F-11D3-BF4B-00C04F79EFBC}") = "UI.Blazor.Client", "UI.Blazor\UI.Blazor.Client\UI.Blazor.Client.csproj", "{96453B5F-A637-4EA5-88AC-2E7B1CA799A6}"
EndProject
Project("{FAE04EC0-301F-11D3-BF4B-00C04F79EFBC}") = "Application", "Application\Application.csproj", "{47F0BB94-2678-4F36-9AA1-DFD2DB5CED3A}"
EndProject
Project("{FAE04EC0-301F-11D3-BF4B-00C04F79EFBC}") = "Domain", "Domain\Domain.csproj", "{62FDF7AF-DC7C-41FE-9E4C-BF1BC2C036A8}"
EndProject
Project("{FAE04EC0-301F-11D3-BF4B-00C04F79EFBC}") = "Persistence", "Persistence\Persistence.csproj", "{F344227C-8067-40E1-9CF5-1718CFC61DC8}"
EndProject
Project("{FAE04EC0-301F-11D3-BF4B-00C04F79EFBC}") = "UI.Blazor.ComponentsLibrary", "UI.Blazor.ComponentsLibrary\UI.Blazor.ComponentsLibrary.csproj", "{8CA6057D-CFB6-4F29-B964-05555D478CBF}"
EndProject
Global
	GlobalSection(SolutionConfigurationPlatforms) = preSolution
		Debug|Any CPU = Debug|Any CPU
		Release|Any CPU = Release|Any CPU
	EndGlobalSection
	GlobalSection(ProjectConfigurationPlatforms) = postSolution
		{0D6E3E13-AFB1-4A8F-A3F8-E6CFB2E01F56}.Debug|Any CPU.ActiveCfg = Debug|Any CPU
		{0D6E3E13-AFB1-4A8F-A3F8-E6CFB2E01F56}.Debug|Any CPU.Build.0 = Debug|Any CPU
		{0D6E3E13-AFB1-4A8F-A3F8-E6CFB2E01F56}.Release|Any CPU.ActiveCfg = Release|Any CPU
		{0D6E3E13-AFB1-4A8F-A3F8-E6CFB2E01F56}.Release|Any CPU.Build.0 = Release|Any CPU
		{96453B5F-A637-4EA5-88AC-2E7B1CA799A6}.Debug|Any CPU.ActiveCfg = Debug|Any CPU
		{96453B5F-A637-4EA5-88AC-2E7B1CA799A6}.Debug|Any CPU.Build.0 = Debug|Any CPU
		{96453B5F-A637-4EA5-88AC-2E7B1CA799A6}.Release|Any CPU.ActiveCfg = Release|Any CPU
		{96453B5F-A637-4EA5-88AC-2E7B1CA799A6}.Release|Any CPU.Build.0 = Release|Any CPU
		{47F0BB94-2678-4F36-9AA1-DFD2DB5CED3A}.Debug|Any CPU.ActiveCfg = Debug|Any CPU
		{47F0BB94-2678-4F36-9AA1-DFD2DB5CED3A}.Debug|Any CPU.Build.0 = Debug|Any CPU
		{47F0BB94-2678-4F36-9AA1-DFD2DB5CED3A}.Release|Any CPU.ActiveCfg = Release|Any CPU
		{47F0BB94-2678-4F36-9AA1-DFD2DB5CED3A}.Release|Any CPU.Build.0 = Release|Any CPU
		{62FDF7AF-DC7C-41FE-9E4C-BF1BC2C036A8}.Debug|Any CPU.ActiveCfg = Debug|Any CPU
		{62FDF7AF-DC7C-41FE-9E4C-BF1BC2C036A8}.Debug|Any CPU.Build.0 = Debug|Any CPU
		{62FDF7AF-DC7C-41FE-9E4C-BF1BC2C036A8}.Release|Any CPU.ActiveCfg = Release|Any CPU
		{62FDF7AF-DC7C-41FE-9E4C-BF1BC2C036A8}.Release|Any CPU.Build.0 = Release|Any CPU
		{F344227C-8067-40E1-9CF5-1718CFC61DC8}.Debug|Any CPU.ActiveCfg = Debug|Any CPU
		{F344227C-8067-40E1-9CF5-1718CFC61DC8}.Debug|Any CPU.Build.0 = Debug|Any CPU
		{F344227C-8067-40E1-9CF5-1718CFC61DC8}.Release|Any CPU.ActiveCfg = Release|Any CPU
		{F344227C-8067-40E1-9CF5-1718CFC61DC8}.Release|Any CPU.Build.0 = Release|Any CPU
		{8CA6057D-CFB6-4F29-B964-05555D478CBF}.Debug|Any CPU.ActiveCfg = Debug|Any CPU
		{8CA6057D-CFB6-4F29-B964-05555D478CBF}.Debug|Any CPU.Build.0 = Debug|Any CPU
		{8CA6057D-CFB6-4F29-B964-05555D478CBF}.Release|Any CPU.ActiveCfg = Release|Any CPU
		{8CA6057D-CFB6-4F29-B964-05555D478CBF}.Release|Any CPU.Build.0 = Release|Any CPU
	EndGlobalSection
	GlobalSection(SolutionProperties) = preSolution
		HideSolutionNode = FALSE
	EndGlobalSection
	GlobalSection(NestedProjects) = preSolution
		{0D6E3E13-AFB1-4A8F-A3F8-E6CFB2E01F56} = {02EA681E-C7D8-13C7-8484-4AC65E1B71E8}
		{96453B5F-A637-4EA5-88AC-2E7B1CA799A6} = {02EA681E-C7D8-13C7-8484-4AC65E1B71E8}
		{47F0BB94-2678-4F36-9AA1-DFD2DB5CED3A} = {02EA681E-C7D8-13C7-8484-4AC65E1B71E8}
		{62FDF7AF-DC7C-41FE-9E4C-BF1BC2C036A8} = {02EA681E-C7D8-13C7-8484-4AC65E1B71E8}
		{F344227C-8067-40E1-9CF5-1718CFC61DC8} = {02EA681E-C7D8-13C7-8484-4AC65E1B71E8}
		{8CA6057D-CFB6-4F29-B964-05555D478CBF} = {02EA681E-C7D8-13C7-8484-4AC65E1B71E8}
	EndGlobalSection
	GlobalSection(ExtensibilityGlobals) = postSolution
		SolutionGuid = {02D4D899-D95D-492A-93AB-58BA3BCEFAB6}
	EndGlobalSection
EndGlobal
